{
  "name": "kitten-up-your-day",
  "version": "1.0.0",
  "lockfileVersion": 2,
  "requires": true,
  "packages": {
    "": {
      "name": "kitten-up-your-day",
      "version": "1.0.0",
      "license": "ISC",
      "dependencies": {
        "thecatapi": "^1.0.1"
      }
    },
    "node_modules/thecatapi": {
      "version": "1.0.1",
      "resolved": "https://registry.npmjs.org/thecatapi/-/thecatapi-1.0.1.tgz",
      "integrity": "sha512-eInIITtyi2sT9WIJtddSTi+L2snhgpd+/sNRBhZfnHy7dAzK0eQeHTMcOkHgNBOg/mzucVnGwzmyTyn4fLwaxA=="
    }
  },
  "dependencies": {
    "thecatapi": {
      "version": "1.0.1",
      "resolved": "https://registry.npmjs.org/thecatapi/-/thecatapi-1.0.1.tgz",
      "integrity": "sha512-eInIITtyi2sT9WIJtddSTi+L2snhgpd+/sNRBhZfnHy7dAzK0eQeHTMcOkHgNBOg/mzucVnGwzmyTyn4fLwaxA=="
    }
  }
}
